DEPENDENCIES
  apache2 (~> 3.1.0)
  apt (~> 2.7.0)
  chef-hat
    git: https://github.com/michaldudek/chef-hat.git
    revision: e520f22be08b3e9191af19f22fea598e9539952b
    tag: 0.3.3
  memcached (~> 1.7.2)
  mongodb (~> 0.16.2)
  mysql (< 6.0.0)
  nodejs (~> 2.4.0)
  redisio (~> 2.3.0)

GRAPH
  7-zip (1.0.2)
    windows (>= 1.2.2)
  apache2 (3.1.0)
  apt (2.7.0)
  ark (0.9.0)
    7-zip (>= 0.0.0)
    windows (>= 0.0.0)
  build-essential (2.2.3)
  chef-hat (0.3.3)
    apache2 (>= 0.0.0)
    apt (>= 0.0.0)
    git (>= 0.0.0)
    ssl_certificate (>= 0.0.0)
  chef_handler (1.2.0)
  dmg (2.2.2)
  git (4.3.4)
    build-essential (>= 0.0.0)
    dmg (>= 0.0.0)
    windows (>= 0.0.0)
    yum-epel (>= 0.0.0)
  homebrew (1.13.0)
    build-essential (>= 2.1.2)
  memcached (1.7.2)
    runit (~> 1.0)
    yum (~> 3.0)
    yum-epel (>= 0.0.0)
  mongodb (0.16.2)
    apt (>= 1.8.2)
    python (>= 0.0.0)
    runit (>= 1.5.0)
    yum (>= 3.0)
  mysql (5.6.3)
    yum-mysql-community (>= 0.0.0)
  nodejs (2.4.2)
    apt (>= 0.0.0)
    ark (>= 0.0.0)
    build-essential (>= 0.0.0)
    homebrew (>= 0.0.0)
    yum-epel (>= 0.0.0)
  packagecloud (0.1.0)
  python (1.4.6)
    build-essential (>= 0.0.0)
    yum-epel (>= 0.0.0)
  redisio (2.3.0)
    build-essential (>= 0.0.0)
    ulimit (>= 0.1.2)
  runit (1.7.2)
    packagecloud (>= 0.0.0)
  ssl_certificate (1.9.0)
  ulimit (0.3.3)
  windows (1.38.1)
    chef_handler (>= 0.0.0)
  yum (3.7.1)
  yum-epel (0.6.3)
    yum (~> 3.2)
  yum-mysql-community (0.1.18)
    yum (>= 3.0)
